
Microsoft Visual Studio Solution File, Format Version 12.00
# Visual Studio 15
VisualStudioVersion = 15.0.27130.2026
MinimumVisualStudioVersion = 10.0.40219.1
Project("{FAE04EC0-301F-11D3-BF4B-00C04F79EFBC}") = "LlamadasCobro", "LlamadasCobro\LlamadasCobro.csproj", "{C8033156-633C-49C0-BD23-69A1DBEFBF52}"
EndProject
Project("{FAE04EC0-301F-11D3-BF4B-00C04F79EFBC}") = "LlamadaCobrosoSolucionSimple", "LlamadaCobrosoSolucionSimple\LlamadaCobrosoSolucionSimple.csproj", "{3F3C4310-924A-4FA3-A3AA-C79ED73715F8}"
EndProject
Global
	GlobalSection(SolutionConfigurationPlatforms) = preSolution
		Debug|Any CPU = Debug|Any CPU
		Release|Any CPU = Release|Any CPU
	EndGlobalSection
	GlobalSection(ProjectConfigurationPlatforms) = postSolution
		{C8033156-633C-49C0-BD23-69A1DBEFBF52}.Debug|Any CPU.ActiveCfg = Debug|Any CPU
		{C8033156-633C-49C0-BD23-69A1DBEFBF52}.Debug|Any CPU.Build.0 = Debug|Any CPU
		{C8033156-633C-49C0-BD23-69A1DBEFBF52}.Release|Any CPU.ActiveCfg = Release|Any CPU
		{C8033156-633C-49C0-BD23-69A1DBEFBF52}.Release|Any CPU.Build.0 = Release|Any CPU
		{3F3C4310-924A-4FA3-A3AA-C79ED73715F8}.Debug|Any CPU.ActiveCfg = Debug|Any CPU
		{3F3C4310-924A-4FA3-A3AA-C79ED73715F8}.Debug|Any CPU.Build.0 = Debug|Any CPU
		{3F3C4310-924A-4FA3-A3AA-C79ED73715F8}.Release|Any CPU.ActiveCfg = Release|Any CPU
		{3F3C4310-924A-4FA3-A3AA-C79ED73715F8}.Release|Any CPU.Build.0 = Release|Any CPU
	EndGlobalSection
	GlobalSection(SolutionProperties) = preSolution
		HideSolutionNode = FALSE
	EndGlobalSection
	GlobalSection(ExtensibilityGlobals) = postSolution
		SolutionGuid = {D132BCF9-0559-4811-9538-7373BB620A00}
	EndGlobalSection
EndGlobal
