
Microsoft Visual Studio Solution File, Format Version 12.00
# Visual Studio 15
VisualStudioVersion = 15.0.26730.12
MinimumVisualStudioVersion = 10.0.40219.1
Project("{FAE04EC0-301F-11D3-BF4B-00C04F79EFBC}") = "ColeccionDeMusica", "ColeccionDeMusica\ColeccionDeMusica.csproj", "{B3445DB6-69ED-49DC-92F8-A2EB5F9A7C9B}"
EndProject
Global
	GlobalSection(SolutionConfigurationPlatforms) = preSolution
		Debug|Any CPU = Debug|Any CPU
		Release|Any CPU = Release|Any CPU
	EndGlobalSection
	GlobalSection(ProjectConfigurationPlatforms) = postSolution
		{B3445DB6-69ED-49DC-92F8-A2EB5F9A7C9B}.Debug|Any CPU.ActiveCfg = Debug|Any CPU
		{B3445DB6-69ED-49DC-92F8-A2EB5F9A7C9B}.Debug|Any CPU.Build.0 = Debug|Any CPU
		{B3445DB6-69ED-49DC-92F8-A2EB5F9A7C9B}.Release|Any CPU.ActiveCfg = Release|Any CPU
		{B3445DB6-69ED-49DC-92F8-A2EB5F9A7C9B}.Release|Any CPU.Build.0 = Release|Any CPU
	EndGlobalSection
	GlobalSection(SolutionProperties) = preSolution
		HideSolutionNode = FALSE
	EndGlobalSection
	GlobalSection(ExtensibilityGlobals) = postSolution
		SolutionGuid = {91DD94A2-B392-4E7B-B133-D260A35C5549}
	EndGlobalSection
EndGlobal
