
Microsoft Visual Studio Solution File, Format Version 12.00
# Visual Studio 15
VisualStudioVersion = 15.0.27130.2026
MinimumVisualStudioVersion = 10.0.40219.1
Project("{FAE04EC0-301F-11D3-BF4B-00C04F79EFBC}") = "OperacionesMatrices", "OperacionesMatrices\OperacionesMatrices.csproj", "{EC99925D-C196-437A-AB30-5535D2AD6EBE}"
EndProject
Global
	GlobalSection(SolutionConfigurationPlatforms) = preSolution
		Debug|Any CPU = Debug|Any CPU
		Release|Any CPU = Release|Any CPU
	EndGlobalSection
	GlobalSection(ProjectConfigurationPlatforms) = postSolution
		{EC99925D-C196-437A-AB30-5535D2AD6EBE}.Debug|Any CPU.ActiveCfg = Debug|Any CPU
		{EC99925D-C196-437A-AB30-5535D2AD6EBE}.Debug|Any CPU.Build.0 = Debug|Any CPU
		{EC99925D-C196-437A-AB30-5535D2AD6EBE}.Release|Any CPU.ActiveCfg = Release|Any CPU
		{EC99925D-C196-437A-AB30-5535D2AD6EBE}.Release|Any CPU.Build.0 = Release|Any CPU
	EndGlobalSection
	GlobalSection(SolutionProperties) = preSolution
		HideSolutionNode = FALSE
	EndGlobalSection
	GlobalSection(ExtensibilityGlobals) = postSolution
		SolutionGuid = {EBF7BFDA-D937-4143-9E76-7D8DBF3330EA}
	EndGlobalSection
EndGlobal
