
Microsoft Visual Studio Solution File, Format Version 12.00
# Visual Studio 15
VisualStudioVersion = 15.0.26730.12
MinimumVisualStudioVersion = 10.0.40219.1
Project("{FAE04EC0-301F-11D3-BF4B-00C04F79EFBC}") = "MibibliotecaClases", "MibibliotecaClases\MibibliotecaClases.csproj", "{69515FFC-8E08-4548-AD60-5558B949F0A9}"
EndProject
Project("{FAE04EC0-301F-11D3-BF4B-00C04F79EFBC}") = "WindowsFormsApp1", "WindowsFormsApp1\WindowsFormsApp1.csproj", "{32D55D34-336E-4216-9C13-5D4B917C3059}"
EndProject
Global
	GlobalSection(SolutionConfigurationPlatforms) = preSolution
		Debug|Any CPU = Debug|Any CPU
		Release|Any CPU = Release|Any CPU
	EndGlobalSection
	GlobalSection(ProjectConfigurationPlatforms) = postSolution
		{69515FFC-8E08-4548-AD60-5558B949F0A9}.Debug|Any CPU.ActiveCfg = Debug|Any CPU
		{69515FFC-8E08-4548-AD60-5558B949F0A9}.Debug|Any CPU.Build.0 = Debug|Any CPU
		{69515FFC-8E08-4548-AD60-5558B949F0A9}.Release|Any CPU.ActiveCfg = Release|Any CPU
		{69515FFC-8E08-4548-AD60-5558B949F0A9}.Release|Any CPU.Build.0 = Release|Any CPU
		{32D55D34-336E-4216-9C13-5D4B917C3059}.Debug|Any CPU.ActiveCfg = Debug|Any CPU
		{32D55D34-336E-4216-9C13-5D4B917C3059}.Debug|Any CPU.Build.0 = Debug|Any CPU
		{32D55D34-336E-4216-9C13-5D4B917C3059}.Release|Any CPU.ActiveCfg = Release|Any CPU
		{32D55D34-336E-4216-9C13-5D4B917C3059}.Release|Any CPU.Build.0 = Release|Any CPU
	EndGlobalSection
	GlobalSection(SolutionProperties) = preSolution
		HideSolutionNode = FALSE
	EndGlobalSection
	GlobalSection(ExtensibilityGlobals) = postSolution
		SolutionGuid = {4108D892-EC82-4EE5-B626-BB9F9F5FDD51}
	EndGlobalSection
EndGlobal
