
Microsoft Visual Studio Solution File, Format Version 12.00
# Visual Studio 15
VisualStudioVersion = 15.0.27130.2026
MinimumVisualStudioVersion = 10.0.40219.1
Project("{FAE04EC0-301F-11D3-BF4B-00C04F79EFBC}") = "Transportes", "Transportes\Transportes.csproj", "{0F2C9484-814D-461F-96DB-5673F046CFDE}"
EndProject
Global
	GlobalSection(SolutionConfigurationPlatforms) = preSolution
		Debug|Any CPU = Debug|Any CPU
		Release|Any CPU = Release|Any CPU
	EndGlobalSection
	GlobalSection(ProjectConfigurationPlatforms) = postSolution
		{0F2C9484-814D-461F-96DB-5673F046CFDE}.Debug|Any CPU.ActiveCfg = Debug|Any CPU
		{0F2C9484-814D-461F-96DB-5673F046CFDE}.Debug|Any CPU.Build.0 = Debug|Any CPU
		{0F2C9484-814D-461F-96DB-5673F046CFDE}.Release|Any CPU.ActiveCfg = Release|Any CPU
		{0F2C9484-814D-461F-96DB-5673F046CFDE}.Release|Any CPU.Build.0 = Release|Any CPU
	EndGlobalSection
	GlobalSection(SolutionProperties) = preSolution
		HideSolutionNode = FALSE
	EndGlobalSection
	GlobalSection(ExtensibilityGlobals) = postSolution
		SolutionGuid = {283F7F1D-5435-4BA2-BCE6-DD138235E90D}
	EndGlobalSection
EndGlobal
