
Microsoft Visual Studio Solution File, Format Version 12.00
# Visual Studio 15
VisualStudioVersion = 15.0.26730.12
MinimumVisualStudioVersion = 10.0.40219.1
Project("{FAE04EC0-301F-11D3-BF4B-00C04F79EFBC}") = "Interfaces", "Interfaces\Interfaces.csproj", "{DA1435E8-902F-4D9B-809D-C32221FD13CC}"
EndProject
Global
	GlobalSection(SolutionConfigurationPlatforms) = preSolution
		Debug|Any CPU = Debug|Any CPU
		Release|Any CPU = Release|Any CPU
	EndGlobalSection
	GlobalSection(ProjectConfigurationPlatforms) = postSolution
		{DA1435E8-902F-4D9B-809D-C32221FD13CC}.Debug|Any CPU.ActiveCfg = Debug|Any CPU
		{DA1435E8-902F-4D9B-809D-C32221FD13CC}.Debug|Any CPU.Build.0 = Debug|Any CPU
		{DA1435E8-902F-4D9B-809D-C32221FD13CC}.Release|Any CPU.ActiveCfg = Release|Any CPU
		{DA1435E8-902F-4D9B-809D-C32221FD13CC}.Release|Any CPU.Build.0 = Release|Any CPU
	EndGlobalSection
	GlobalSection(SolutionProperties) = preSolution
		HideSolutionNode = FALSE
	EndGlobalSection
	GlobalSection(ExtensibilityGlobals) = postSolution
		SolutionGuid = {2E99844D-22C4-44D5-8AA0-D8D7D851F0A8}
	EndGlobalSection
EndGlobal
