
Microsoft Visual Studio Solution File, Format Version 12.00
# Visual Studio 15
VisualStudioVersion = 15.0.26730.12
MinimumVisualStudioVersion = 10.0.40219.1
Project("{FAE04EC0-301F-11D3-BF4B-00C04F79EFBC}") = "ArbolesWindows", "ArbolesWindows\ArbolesWindows.csproj", "{DA6B9EA1-5664-4410-BAEA-EFBAB19B0F67}"
EndProject
Project("{FAE04EC0-301F-11D3-BF4B-00C04F79EFBC}") = "Arboles", "Arboles\Arboles.csproj", "{E9FB660A-BA27-4CE7-8715-60EF1ABF6FED}"
EndProject
Global
	GlobalSection(SolutionConfigurationPlatforms) = preSolution
		Debug|Any CPU = Debug|Any CPU
		Release|Any CPU = Release|Any CPU
	EndGlobalSection
	GlobalSection(ProjectConfigurationPlatforms) = postSolution
		{DA6B9EA1-5664-4410-BAEA-EFBAB19B0F67}.Debug|Any CPU.ActiveCfg = Debug|Any CPU
		{DA6B9EA1-5664-4410-BAEA-EFBAB19B0F67}.Debug|Any CPU.Build.0 = Debug|Any CPU
		{DA6B9EA1-5664-4410-BAEA-EFBAB19B0F67}.Release|Any CPU.ActiveCfg = Release|Any CPU
		{DA6B9EA1-5664-4410-BAEA-EFBAB19B0F67}.Release|Any CPU.Build.0 = Release|Any CPU
		{E9FB660A-BA27-4CE7-8715-60EF1ABF6FED}.Debug|Any CPU.ActiveCfg = Debug|Any CPU
		{E9FB660A-BA27-4CE7-8715-60EF1ABF6FED}.Debug|Any CPU.Build.0 = Debug|Any CPU
		{E9FB660A-BA27-4CE7-8715-60EF1ABF6FED}.Release|Any CPU.ActiveCfg = Release|Any CPU
		{E9FB660A-BA27-4CE7-8715-60EF1ABF6FED}.Release|Any CPU.Build.0 = Release|Any CPU
	EndGlobalSection
	GlobalSection(SolutionProperties) = preSolution
		HideSolutionNode = FALSE
	EndGlobalSection
	GlobalSection(ExtensibilityGlobals) = postSolution
		SolutionGuid = {A5AD024A-C17E-4252-8785-A5E541161AEE}
	EndGlobalSection
EndGlobal
