
Microsoft Visual Studio Solution File, Format Version 12.00
# Visual Studio 15
VisualStudioVersion = 15.0.26730.12
MinimumVisualStudioVersion = 10.0.40219.1
Project("{FAE04EC0-301F-11D3-BF4B-00C04F79EFBC}") = "Rendimiento", "Rendimiento\Rendimiento.csproj", "{15C94DBE-32E7-4461-B6DD-0DAD369B1EDB}"
EndProject
Global
	GlobalSection(SolutionConfigurationPlatforms) = preSolution
		Debug|Any CPU = Debug|Any CPU
		Release|Any CPU = Release|Any CPU
	EndGlobalSection
	GlobalSection(ProjectConfigurationPlatforms) = postSolution
		{15C94DBE-32E7-4461-B6DD-0DAD369B1EDB}.Debug|Any CPU.ActiveCfg = Debug|Any CPU
		{15C94DBE-32E7-4461-B6DD-0DAD369B1EDB}.Debug|Any CPU.Build.0 = Debug|Any CPU
		{15C94DBE-32E7-4461-B6DD-0DAD369B1EDB}.Release|Any CPU.ActiveCfg = Release|Any CPU
		{15C94DBE-32E7-4461-B6DD-0DAD369B1EDB}.Release|Any CPU.Build.0 = Release|Any CPU
	EndGlobalSection
	GlobalSection(SolutionProperties) = preSolution
		HideSolutionNode = FALSE
	EndGlobalSection
	GlobalSection(ExtensibilityGlobals) = postSolution
		SolutionGuid = {0EB08979-2764-41F4-8CF5-0D2B75038B7F}
	EndGlobalSection
EndGlobal
